<?xml version="1.0" encoding="utf-8"?>
<Project ToolsVersion="4.0" xmlns="http://schemas.microsoft.com/developer/msbuild/2003">
  <ItemGroup>
    <Filter Include="Source Files">
      <UniqueIdentifier>{4FC737F1-C7A5-4376-A066-2A32D752A2FF}</UniqueIdentifier>
      <Extensions>cpp;c;cc;cxx;c++;cppm;ixx;def;odl;idl;hpj;bat;asm;asmx</Extensions>
    </Filter>
    <Filter Include="Header Files">
      <UniqueIdentifier>{93995380-89BD-4b04-88EB-625FBE52EBFB}</UniqueIdentifier>
      <Extensions>h;hh;hpp;hxx;h++;hm;inl;inc;ipp;xsd</Extensions>
    </Filter>
    <Filter Include="Resource Files">
      <UniqueIdentifier>{67DA6AB6-F800-4c08-8B7A-83BB121AAD01}</UniqueIdentifier>
      <Extensions>rc;ico;cur;bmp;dlg;rc2;rct;bin;rgs;gif;jpg;jpeg;jpe;resx;tiff;tif;png;wav;mfcribbon-ms</Extensions>
    </Filter>
    <Filter Include="Source Files\Model">
      <UniqueIdentifier>{f318dfb4-be81-4b3f-8ed8-2207fde642fe}</UniqueIdentifier>
    </Filter>
    <Filter Include="Source Files\View">
      <UniqueIdentifier>{fcfab12a-1191-4455-bb39-a559731fde1c}</UniqueIdentifier>
    </Filter>
    <Filter Include="Source Files\Util">
      <UniqueIdentifier>{2e82b545-3ed0-4a82-b060-dd134ba7eb63}</UniqueIdentifier>
    </Filter>
    <Filter Include="Header Files\Model">
      <UniqueIdentifier>{97e4f32f-7e7c-4b7b-8f71-a019c36f46b9}</UniqueIdentifier>
    </Filter>
    <Filter Include="Header Files\Util">
      <UniqueIdentifier>{c5445dfe-4b78-4577-90e4-0f0df3bc1927}</UniqueIdentifier>
    </Filter>
    <Filter Include="Header Files\View">
      <UniqueIdentifier>{f7faea0e-80eb-49f0-bb83-a9046703d56c}</UniqueIdentifier>
    </Filter>
    <Filter Include="Source Files\Manager">
      <UniqueIdentifier>{e38eb128-963e-4d66-b6c5-727ec1fcb6b3}</UniqueIdentifier>
    </Filter>
    <Filter Include="Header Files\Manager">
      <UniqueIdentifier>{51468f2e-a64b-42b4-8d14-3634fbf9ab28}</UniqueIdentifier>
    </Filter>
  </ItemGroup>
  <ItemGroup>
    <ClCompile Include="BrokenFantasy.cpp">
      <Filter>Source Files</Filter>
    </ClCompile>
    <ClCompile Include="View\Menu.cpp">
      <Filter>Source Files\View</Filter>
    </ClCompile>
    <ClCompile Include="View\Button.cpp">
      <Filter>Source Files\View</Filter>
    </ClCompile>
    <ClCompile Include="Manager\MenuManager.cpp">
      <Filter>Source Files\Manager</Filter>
    </ClCompile>
  </ItemGroup>
  <ItemGroup>
    <ClInclude Include="View\Menu.h">
      <Filter>Header Files\View</Filter>
    </ClInclude>
    <ClInclude Include="View\Button.h">
      <Filter>Header Files\View</Filter>
    </ClInclude>
    <ClInclude Include="Manager\MenuManager.h">
      <Filter>Header Files\Manager</Filter>
    </ClInclude>
  </ItemGroup>
</Project>